
Microsoft Visual Studio Solution File, Format Version 12.00
# Visual Studio Version 16
VisualStudioVersion = 16.0.30717.126
MinimumVisualStudioVersion = 10.0.40219.1
Project("{FAE04EC0-301F-11D3-BF4B-00C04F79EFBC}") = "EmployeeQuit", "EmployeeQuit\EmployeeQuit.csproj", "{1286EECC-9BCD-4957-AE3E-6C16823E3F75}"
EndProject
Global
	GlobalSection(SolutionConfigurationPlatforms) = preSolution
		Debug|Any CPU = Debug|Any CPU
		Release|Any CPU = Release|Any CPU
	EndGlobalSection
	GlobalSection(ProjectConfigurationPlatforms) = postSolution
		{1286EECC-9BCD-4957-AE3E-6C16823E3F75}.Debug|Any CPU.ActiveCfg = Debug|Any CPU
		{1286EECC-9BCD-4957-AE3E-6C16823E3F75}.Debug|Any CPU.Build.0 = Debug|Any CPU
		{1286EECC-9BCD-4957-AE3E-6C16823E3F75}.Release|Any CPU.ActiveCfg = Release|Any CPU
		{1286EECC-9BCD-4957-AE3E-6C16823E3F75}.Release|Any CPU.Build.0 = Release|Any CPU
	EndGlobalSection
	GlobalSection(SolutionProperties) = preSolution
		HideSolutionNode = FALSE
	EndGlobalSection
	GlobalSection(ExtensibilityGlobals) = postSolution
		SolutionGuid = {3C24688C-4DFB-4828-A60E-E53D7120434A}
	EndGlobalSection
EndGlobal
