
Microsoft Visual Studio Solution File, Format Version 12.00
# Visual Studio Version 16
VisualStudioVersion = 16.0.30717.126
MinimumVisualStudioVersion = 10.0.40219.1
Project("{FAE04EC0-301F-11D3-BF4B-00C04F79EFBC}") = "WeekdayEnums", "WeekdayEnums\WeekdayEnums.csproj", "{7CF05F96-CE4F-44A8-B219-02ACD7C9B389}"
EndProject
Global
	GlobalSection(SolutionConfigurationPlatforms) = preSolution
		Debug|Any CPU = Debug|Any CPU
		Release|Any CPU = Release|Any CPU
	EndGlobalSection
	GlobalSection(ProjectConfigurationPlatforms) = postSolution
		{7CF05F96-CE4F-44A8-B219-02ACD7C9B389}.Debug|Any CPU.ActiveCfg = Debug|Any CPU
		{7CF05F96-CE4F-44A8-B219-02ACD7C9B389}.Debug|Any CPU.Build.0 = Debug|Any CPU
		{7CF05F96-CE4F-44A8-B219-02ACD7C9B389}.Release|Any CPU.ActiveCfg = Release|Any CPU
		{7CF05F96-CE4F-44A8-B219-02ACD7C9B389}.Release|Any CPU.Build.0 = Release|Any CPU
	EndGlobalSection
	GlobalSection(SolutionProperties) = preSolution
		HideSolutionNode = FALSE
	EndGlobalSection
	GlobalSection(ExtensibilityGlobals) = postSolution
		SolutionGuid = {A75943A8-428B-419B-9500-B8749CE494AB}
	EndGlobalSection
EndGlobal
