
Microsoft Visual Studio Solution File, Format Version 12.00
# Visual Studio Version 16
VisualStudioVersion = 16.0.29519.87
MinimumVisualStudioVersion = 10.0.40219.1
Project("{FAE04EC0-301F-11D3-BF4B-00C04F79EFBC}") = "Package_Express", "Package_Express\Package_Express.csproj", "{DFD450F4-B1A1-42F4-8575-D2B93BAAC584}"
EndProject
Global
	GlobalSection(SolutionConfigurationPlatforms) = preSolution
		Debug|Any CPU = Debug|Any CPU
		Release|Any CPU = Release|Any CPU
	EndGlobalSection
	GlobalSection(ProjectConfigurationPlatforms) = postSolution
		{DFD450F4-B1A1-42F4-8575-D2B93BAAC584}.Debug|Any CPU.ActiveCfg = Debug|Any CPU
		{DFD450F4-B1A1-42F4-8575-D2B93BAAC584}.Debug|Any CPU.Build.0 = Debug|Any CPU
		{DFD450F4-B1A1-42F4-8575-D2B93BAAC584}.Release|Any CPU.ActiveCfg = Release|Any CPU
		{DFD450F4-B1A1-42F4-8575-D2B93BAAC584}.Release|Any CPU.Build.0 = Release|Any CPU
	EndGlobalSection
	GlobalSection(SolutionProperties) = preSolution
		HideSolutionNode = FALSE
	EndGlobalSection
	GlobalSection(ExtensibilityGlobals) = postSolution
		SolutionGuid = {3DE1A8A8-8DAF-4CBC-A962-0E52E1A5E4E0}
	EndGlobalSection
EndGlobal
